// !$*UTF8*$!
{
	archiveVersion = 1;
	classes = {
	};
	objectVersion = 50;
	objects = {

/* Begin PBXBuildFile section */
		64EA21E0230FA864007BE3EE /* AppDelegate.swift in Sources */ = {isa = PBXBuildFile; fileRef = 64EA21DF230FA864007BE3EE /* AppDelegate.swift */; };
		64EA21E7230FA866007BE3EE /* Assets.xcassets in Resources */ = {isa = PBXBuildFile; fileRef = 64EA21E6230FA866007BE3EE /* Assets.xcassets */; };
		64EA21EA230FA866007BE3EE /* LaunchScreen.storyboard in Resources */ = {isa = PBXBuildFile; fileRef = 64EA21E8230FA866007BE3EE /* LaunchScreen.storyboard */; };
		64EA21F5230FA866007BE3EE /* SharedRealmDemoAppTests.swift in Sources */ = {isa = PBXBuildFile; fileRef = 64EA21F4230FA866007BE3EE /* SharedRealmDemoAppTests.swift */; };
		64EA2200230FA866007BE3EE /* SharedRealmDemoAppUITests.swift in Sources */ = {isa = PBXBuildFile; fileRef = 64EA21FF230FA866007BE3EE /* SharedRealmDemoAppUITests.swift */; };
		64EA2210230FA992007BE3EE /* Realm.framework in Frameworks */ = {isa = PBXBuildFile; fileRef = 64EA220E230FA992007BE3EE /* Realm.framework */; };
		64EA2211230FA992007BE3EE /* RealmSwift.framework in Frameworks */ = {isa = PBXBuildFile; fileRef = 64EA220F230FA992007BE3EE /* RealmSwift.framework */; };
		64EA2219230FA9F5007BE3EE /* RealmInitializerCompatible.swift in Sources */ = {isa = PBXBuildFile; fileRef = 64EA2214230FA9F5007BE3EE /* RealmInitializerCompatible.swift */; };
		64EA221A230FA9F5007BE3EE /* RealmDaoHelper.swift in Sources */ = {isa = PBXBuildFile; fileRef = 64EA2215230FA9F5007BE3EE /* RealmDaoHelper.swift */; };
		64EA221C230FA9F5007BE3EE /* RealmInitializer.swift in Sources */ = {isa = PBXBuildFile; fileRef = 64EA2217230FA9F5007BE3EE /* RealmInitializer.swift */; };
		64EA221D230FA9F5007BE3EE /* Realm+WriteAsync.swift in Sources */ = {isa = PBXBuildFile; fileRef = 64EA2218230FA9F5007BE3EE /* Realm+WriteAsync.swift */; };
		64EA223A230FAAE8007BE3EE /* Realm+Shared.swift in Sources */ = {isa = PBXBuildFile; fileRef = 64EA2239230FAAE8007BE3EE /* Realm+Shared.swift */; };
		64EA223D230FC16A007BE3EE /* FolderDao.swift in Sources */ = {isa = PBXBuildFile; fileRef = 64EA223C230FC16A007BE3EE /* FolderDao.swift */; };
		64EA223F230FC19B007BE3EE /* TaskDao.swift in Sources */ = {isa = PBXBuildFile; fileRef = 64EA223E230FC19B007BE3EE /* TaskDao.swift */; };
		64EA2241230FC1B1007BE3EE /* TaskEntity.swift in Sources */ = {isa = PBXBuildFile; fileRef = 64EA2240230FC1B1007BE3EE /* TaskEntity.swift */; };
		64EA2243230FC1D4007BE3EE /* FolderEntity.swift in Sources */ = {isa = PBXBuildFile; fileRef = 64EA2242230FC1D4007BE3EE /* FolderEntity.swift */; };
		64EA2245231252E6007BE3EE /* UserEntity.swift in Sources */ = {isa = PBXBuildFile; fileRef = 64EA2244231252E6007BE3EE /* UserEntity.swift */; };
		64EA22512312531A007BE3EE /* DateFormat.swift in Sources */ = {isa = PBXBuildFile; fileRef = 64EA22472312531A007BE3EE /* DateFormat.swift */; };
		64EA22522312531A007BE3EE /* Date+Template.swift in Sources */ = {isa = PBXBuildFile; fileRef = 64EA22482312531A007BE3EE /* Date+Template.swift */; };
		64EA22532312531A007BE3EE /* Date+ComponentValue.swift in Sources */ = {isa = PBXBuildFile; fileRef = 64EA22492312531A007BE3EE /* Date+ComponentValue.swift */; };
		64EA22542312531A007BE3EE /* Calendar+Extensions.swift in Sources */ = {isa = PBXBuildFile; fileRef = 64EA224A2312531A007BE3EE /* Calendar+Extensions.swift */; };
		64EA22552312531A007BE3EE /* Date+Style.swift in Sources */ = {isa = PBXBuildFile; fileRef = 64EA224B2312531A007BE3EE /* Date+Style.swift */; };
		64EA22562312531A007BE3EE /* Date+Compare.swift in Sources */ = {isa = PBXBuildFile; fileRef = 64EA224C2312531A007BE3EE /* Date+Compare.swift */; };
		64EA22572312531A007BE3EE /* String+ToDate.swift in Sources */ = {isa = PBXBuildFile; fileRef = 64EA224D2312531A007BE3EE /* String+ToDate.swift */; };
		64EA22582312531A007BE3EE /* TimeZone+Extensions.swift in Sources */ = {isa = PBXBuildFile; fileRef = 64EA224E2312531A007BE3EE /* TimeZone+Extensions.swift */; };
		64EA22592312531A007BE3EE /* DateFormatter+Shared.swift in Sources */ = {isa = PBXBuildFile; fileRef = 64EA224F2312531A007BE3EE /* DateFormatter+Shared.swift */; };
		64EA225A2312531A007BE3EE /* Locale+Extensions.swift in Sources */ = {isa = PBXBuildFile; fileRef = 64EA22502312531A007BE3EE /* Locale+Extensions.swift */; };
		64EA225C23126695007BE3EE /* UserDao.swift in Sources */ = {isa = PBXBuildFile; fileRef = 64EA225B23126695007BE3EE /* UserDao.swift */; };
		B6E46C6D231100B3006BC1F5 /* ExceptionHandler.m in Sources */ = {isa = PBXBuildFile; fileRef = B6E46C6C231100B3006BC1F5 /* ExceptionHandler.m */; };
		B6E46C6F231100E2006BC1F5 /* ExceptionCatchable.swift in Sources */ = {isa = PBXBuildFile; fileRef = B6E46C6E231100E2006BC1F5 /* ExceptionCatchable.swift */; };
		B6E46C7523111F28006BC1F5 /* UIAlertController+Extensions.swift in Sources */ = {isa = PBXBuildFile; fileRef = B6E46C7323111F28006BC1F5 /* UIAlertController+Extensions.swift */; };
		B6E46C7623111F28006BC1F5 /* UIViewController+Current.swift in Sources */ = {isa = PBXBuildFile; fileRef = B6E46C7423111F28006BC1F5 /* UIViewController+Current.swift */; };
		B6E46C7C231139A1006BC1F5 /* TopViewController.swift in Sources */ = {isa = PBXBuildFile; fileRef = B6E46C7B231139A1006BC1F5 /* TopViewController.swift */; };
		B6E46C7E231139AA006BC1F5 /* TopViewController.storyboard in Resources */ = {isa = PBXBuildFile; fileRef = B6E46C7D231139AA006BC1F5 /* TopViewController.storyboard */; };
		B6E46C80231139F2006BC1F5 /* TopViewPresenter.swift in Sources */ = {isa = PBXBuildFile; fileRef = B6E46C7F231139F2006BC1F5 /* TopViewPresenter.swift */; };
/* End PBXBuildFile section */

/* Begin PBXContainerItemProxy section */
		64EA21F1230FA866007BE3EE /* PBXContainerItemProxy */ = {
			isa = PBXContainerItemProxy;
			containerPortal = 64EA21D4230FA864007BE3EE /* Project object */;
			proxyType = 1;
			remoteGlobalIDString = 64EA21DB230FA864007BE3EE;
			remoteInfo = SharedRealmDemoApp;
		};
		64EA21FC230FA866007BE3EE /* PBXContainerItemProxy */ = {
			isa = PBXContainerItemProxy;
			containerPortal = 64EA21D4230FA864007BE3EE /* Project object */;
			proxyType = 1;
			remoteGlobalIDString = 64EA21DB230FA864007BE3EE;
			remoteInfo = SharedRealmDemoApp;
		};
/* End PBXContainerItemProxy section */

/* Begin PBXFileReference section */
		64EA21DC230FA864007BE3EE /* SharedRealmDemoApp.app */ = {isa = PBXFileReference; explicitFileType = wrapper.application; includeInIndex = 0; path = SharedRealmDemoApp.app; sourceTree = BUILT_PRODUCTS_DIR; };
		64EA21DF230FA864007BE3EE /* AppDelegate.swift */ = {isa = PBXFileReference; lastKnownFileType = sourcecode.swift; path = AppDelegate.swift; sourceTree = "<group>"; };
		64EA21E6230FA866007BE3EE /* Assets.xcassets */ = {isa = PBXFileReference; lastKnownFileType = folder.assetcatalog; path = Assets.xcassets; sourceTree = "<group>"; };
		64EA21E9230FA866007BE3EE /* Base */ = {isa = PBXFileReference; lastKnownFileType = file.storyboard; name = Base; path = Base.lproj/LaunchScreen.storyboard; sourceTree = "<group>"; };
		64EA21EB230FA866007BE3EE /* Info.plist */ = {isa = PBXFileReference; lastKnownFileType = text.plist.xml; path = Info.plist; sourceTree = "<group>"; };
		64EA21F0230FA866007BE3EE /* SharedRealmDemoAppTests.xctest */ = {isa = PBXFileReference; explicitFileType = wrapper.cfbundle; includeInIndex = 0; path = SharedRealmDemoAppTests.xctest; sourceTree = BUILT_PRODUCTS_DIR; };
		64EA21F4230FA866007BE3EE /* SharedRealmDemoAppTests.swift */ = {isa = PBXFileReference; lastKnownFileType = sourcecode.swift; path = SharedRealmDemoAppTests.swift; sourceTree = "<group>"; };
		64EA21F6230FA866007BE3EE /* Info.plist */ = {isa = PBXFileReference; lastKnownFileType = text.plist.xml; path = Info.plist; sourceTree = "<group>"; };
		64EA21FB230FA866007BE3EE /* SharedRealmDemoAppUITests.xctest */ = {isa = PBXFileReference; explicitFileType = wrapper.cfbundle; includeInIndex = 0; path = SharedRealmDemoAppUITests.xctest; sourceTree = BUILT_PRODUCTS_DIR; };
		64EA21FF230FA866007BE3EE /* SharedRealmDemoAppUITests.swift */ = {isa = PBXFileReference; lastKnownFileType = sourcecode.swift; path = SharedRealmDemoAppUITests.swift; sourceTree = "<group>"; };
		64EA2201230FA866007BE3EE /* Info.plist */ = {isa = PBXFileReference; lastKnownFileType = text.plist.xml; path = Info.plist; sourceTree = "<group>"; };
		64EA220E230FA992007BE3EE /* Realm.framework */ = {isa = PBXFileReference; lastKnownFileType = wrapper.framework; name = Realm.framework; path = Carthage/Build/iOS/Realm.framework; sourceTree = "<group>"; };
		64EA220F230FA992007BE3EE /* RealmSwift.framework */ = {isa = PBXFileReference; lastKnownFileType = wrapper.framework; name = RealmSwift.framework; path = Carthage/Build/iOS/RealmSwift.framework; sourceTree = "<group>"; };
		64EA2214230FA9F5007BE3EE /* RealmInitializerCompatible.swift */ = {isa = PBXFileReference; lastKnownFileType = sourcecode.swift; path = RealmInitializerCompatible.swift; sourceTree = "<group>"; };
		64EA2215230FA9F5007BE3EE /* RealmDaoHelper.swift */ = {isa = PBXFileReference; lastKnownFileType = sourcecode.swift; path = RealmDaoHelper.swift; sourceTree = "<group>"; };
		64EA2217230FA9F5007BE3EE /* RealmInitializer.swift */ = {isa = PBXFileReference; lastKnownFileType = sourcecode.swift; path = RealmInitializer.swift; sourceTree = "<group>"; };
		64EA2218230FA9F5007BE3EE /* Realm+WriteAsync.swift */ = {isa = PBXFileReference; lastKnownFileType = sourcecode.swift; path = "Realm+WriteAsync.swift"; sourceTree = "<group>"; };
		64EA2239230FAAE8007BE3EE /* Realm+Shared.swift */ = {isa = PBXFileReference; lastKnownFileType = sourcecode.swift; path = "Realm+Shared.swift"; sourceTree = "<group>"; };
		64EA223C230FC16A007BE3EE /* FolderDao.swift */ = {isa = PBXFileReference; lastKnownFileType = sourcecode.swift; path = FolderDao.swift; sourceTree = "<group>"; };
		64EA223E230FC19B007BE3EE /* TaskDao.swift */ = {isa = PBXFileReference; lastKnownFileType = sourcecode.swift; path = TaskDao.swift; sourceTree = "<group>"; };
		64EA2240230FC1B1007BE3EE /* TaskEntity.swift */ = {isa = PBXFileReference; lastKnownFileType = sourcecode.swift; path = TaskEntity.swift; sourceTree = "<group>"; };
		64EA2242230FC1D4007BE3EE /* FolderEntity.swift */ = {isa = PBXFileReference; lastKnownFileType = sourcecode.swift; path = FolderEntity.swift; sourceTree = "<group>"; };
		64EA2244231252E6007BE3EE /* UserEntity.swift */ = {isa = PBXFileReference; fileEncoding = 4; lastKnownFileType = sourcecode.swift; path = UserEntity.swift; sourceTree = "<group>"; };
		64EA22472312531A007BE3EE /* DateFormat.swift */ = {isa = PBXFileReference; lastKnownFileType = sourcecode.swift; path = DateFormat.swift; sourceTree = "<group>"; };
		64EA22482312531A007BE3EE /* Date+Template.swift */ = {isa = PBXFileReference; lastKnownFileType = sourcecode.swift; path = "Date+Template.swift"; sourceTree = "<group>"; };
		64EA22492312531A007BE3EE /* Date+ComponentValue.swift */ = {isa = PBXFileReference; lastKnownFileType = sourcecode.swift; path = "Date+ComponentValue.swift"; sourceTree = "<group>"; };
		64EA224A2312531A007BE3EE /* Calendar+Extensions.swift */ = {isa = PBXFileReference; lastKnownFileType = sourcecode.swift; path = "Calendar+Extensions.swift"; sourceTree = "<group>"; };
		64EA224B2312531A007BE3EE /* Date+Style.swift */ = {isa = PBXFileReference; lastKnownFileType = sourcecode.swift; path = "Date+Style.swift"; sourceTree = "<group>"; };
		64EA224C2312531A007BE3EE /* Date+Compare.swift */ = {isa = PBXFileReference; lastKnownFileType = sourcecode.swift; path = "Date+Compare.swift"; sourceTree = "<group>"; };
		64EA224D2312531A007BE3EE /* String+ToDate.swift */ = {isa = PBXFileReference; lastKnownFileType = sourcecode.swift; path = "String+ToDate.swift"; sourceTree = "<group>"; };
		64EA224E2312531A007BE3EE /* TimeZone+Extensions.swift */ = {isa = PBXFileReference; lastKnownFileType = sourcecode.swift; path = "TimeZone+Extensions.swift"; sourceTree = "<group>"; };
		64EA224F2312531A007BE3EE /* DateFormatter+Shared.swift */ = {isa = PBXFileReference; lastKnownFileType = sourcecode.swift; path = "DateFormatter+Shared.swift"; sourceTree = "<group>"; };
		64EA22502312531A007BE3EE /* Locale+Extensions.swift */ = {isa = PBXFileReference; lastKnownFileType = sourcecode.swift; path = "Locale+Extensions.swift"; sourceTree = "<group>"; };
		64EA225B23126695007BE3EE /* UserDao.swift */ = {isa = PBXFileReference; lastKnownFileType = sourcecode.swift; path = UserDao.swift; sourceTree = "<group>"; };
		B6E46C6A231100B2006BC1F5 /* SharedRealmDemoApp-Bridging-Header.h */ = {isa = PBXFileReference; lastKnownFileType = sourcecode.c.h; path = "SharedRealmDemoApp-Bridging-Header.h"; sourceTree = "<group>"; };
		B6E46C6B231100B3006BC1F5 /* ExceptionHandler.h */ = {isa = PBXFileReference; lastKnownFileType = sourcecode.c.h; path = ExceptionHandler.h; sourceTree = "<group>"; };
		B6E46C6C231100B3006BC1F5 /* ExceptionHandler.m */ = {isa = PBXFileReference; lastKnownFileType = sourcecode.c.objc; path = ExceptionHandler.m; sourceTree = "<group>"; };
		B6E46C6E231100E2006BC1F5 /* ExceptionCatchable.swift */ = {isa = PBXFileReference; lastKnownFileType = sourcecode.swift; path = ExceptionCatchable.swift; sourceTree = "<group>"; };
		B6E46C7323111F28006BC1F5 /* UIAlertController+Extensions.swift */ = {isa = PBXFileReference; lastKnownFileType = sourcecode.swift; path = "UIAlertController+Extensions.swift"; sourceTree = "<group>"; };
		B6E46C7423111F28006BC1F5 /* UIViewController+Current.swift */ = {isa = PBXFileReference; lastKnownFileType = sourcecode.swift; path = "UIViewController+Current.swift"; sourceTree = "<group>"; };
		B6E46C7B231139A1006BC1F5 /* TopViewController.swift */ = {isa = PBXFileReference; lastKnownFileType = sourcecode.swift; path = TopViewController.swift; sourceTree = "<group>"; };
		B6E46C7D231139AA006BC1F5 /* TopViewController.storyboard */ = {isa = PBXFileReference; lastKnownFileType = file.storyboard; path = TopViewController.storyboard; sourceTree = "<group>"; };
		B6E46C7F231139F2006BC1F5 /* TopViewPresenter.swift */ = {isa = PBXFileReference; lastKnownFileType = sourcecode.swift; path = TopViewPresenter.swift; sourceTree = "<group>"; };
/* End PBXFileReference section */

/* Begin PBXFrameworksBuildPhase section */
		64EA21D9230FA864007BE3EE /* Frameworks */ = {
			isa = PBXFrameworksBuildPhase;
			buildActionMask = 2147483647;
			files = (
				64EA2210230FA992007BE3EE /* Realm.framework in Frameworks */,
				64EA2211230FA992007BE3EE /* RealmSwift.framework in Frameworks */,
			);
			runOnlyForDeploymentPostprocessing = 0;
		};
		64EA21ED230FA866007BE3EE /* Frameworks */ = {
			isa = PBXFrameworksBuildPhase;
			buildActionMask = 2147483647;
			files = (
			);
			runOnlyForDeploymentPostprocessing = 0;
		};
		64EA21F8230FA866007BE3EE /* Frameworks */ = {
			isa = PBXFrameworksBuildPhase;
			buildActionMask = 2147483647;
			files = (
			);
			runOnlyForDeploymentPostprocessing = 0;
		};
/* End PBXFrameworksBuildPhase section */

/* Begin PBXGroup section */
		64EA21D3230FA864007BE3EE = {
			isa = PBXGroup;
			children = (
				64EA21DE230FA864007BE3EE /* SharedRealmDemoApp */,
				64EA21F3230FA866007BE3EE /* SharedRealmDemoAppTests */,
				64EA21FE230FA866007BE3EE /* SharedRealmDemoAppUITests */,
				64EA21DD230FA864007BE3EE /* Products */,
				64EA220D230FA992007BE3EE /* Frameworks */,
			);
			sourceTree = "<group>";
		};
		64EA21DD230FA864007BE3EE /* Products */ = {
			isa = PBXGroup;
			children = (
				64EA21DC230FA864007BE3EE /* SharedRealmDemoApp.app */,
				64EA21F0230FA866007BE3EE /* SharedRealmDemoAppTests.xctest */,
				64EA21FB230FA866007BE3EE /* SharedRealmDemoAppUITests.xctest */,
			);
			name = Products;
			sourceTree = "<group>";
		};
		64EA21DE230FA864007BE3EE /* SharedRealmDemoApp */ = {
			isa = PBXGroup;
			children = (
				B6E46C77231138D1006BC1F5 /* Application */,
				64EA223B230FC157007BE3EE /* Data */,
				B6E46C7923113984006BC1F5 /* Presenter */,
				B6E46C7823113925006BC1F5 /* Resources */,
				64EA2213230FA9D4007BE3EE /* Utilities */,
				B6E46C7A2311398B006BC1F5 /* Views */,
			);
			path = SharedRealmDemoApp;
			sourceTree = "<group>";
		};
		64EA21F3230FA866007BE3EE /* SharedRealmDemoAppTests */ = {
			isa = PBXGroup;
			children = (
				64EA21F4230FA866007BE3EE /* SharedRealmDemoAppTests.swift */,
				64EA21F6230FA866007BE3EE /* Info.plist */,
			);
			path = SharedRealmDemoAppTests;
			sourceTree = "<group>";
		};
		64EA21FE230FA866007BE3EE /* SharedRealmDemoAppUITests */ = {
			isa = PBXGroup;
			children = (
				64EA21FF230FA866007BE3EE /* SharedRealmDemoAppUITests.swift */,
				64EA2201230FA866007BE3EE /* Info.plist */,
			);
			path = SharedRealmDemoAppUITests;
			sourceTree = "<group>";
		};
		64EA220D230FA992007BE3EE /* Frameworks */ = {
			isa = PBXGroup;
			children = (
				64EA220E230FA992007BE3EE /* Realm.framework */,
				64EA220F230FA992007BE3EE /* RealmSwift.framework */,
			);
			name = Frameworks;
			sourceTree = "<group>";
		};
		64EA2213230FA9D4007BE3EE /* Utilities */ = {
			isa = PBXGroup;
			children = (
				64EA22462312530B007BE3EE /* Date */,
				B6E46C7223111F16006BC1F5 /* Alert */,
				B6E46C71231104A8006BC1F5 /* ExceptionHandler */,
				B6E46C7023110481006BC1F5 /* Realm */,
				B6E46C6A231100B2006BC1F5 /* SharedRealmDemoApp-Bridging-Header.h */,
			);
			path = Utilities;
			sourceTree = "<group>";
		};
		64EA223B230FC157007BE3EE /* Data */ = {
			isa = PBXGroup;
			children = (
				64EA223C230FC16A007BE3EE /* FolderDao.swift */,
				64EA2242230FC1D4007BE3EE /* FolderEntity.swift */,
				64EA223E230FC19B007BE3EE /* TaskDao.swift */,
				64EA2240230FC1B1007BE3EE /* TaskEntity.swift */,
				64EA2244231252E6007BE3EE /* UserEntity.swift */,
				64EA225B23126695007BE3EE /* UserDao.swift */,
			);
			path = Data;
			sourceTree = "<group>";
		};
		64EA22462312530B007BE3EE /* Date */ = {
			isa = PBXGroup;
			children = (
				64EA224A2312531A007BE3EE /* Calendar+Extensions.swift */,
				64EA224C2312531A007BE3EE /* Date+Compare.swift */,
				64EA22492312531A007BE3EE /* Date+ComponentValue.swift */,
				64EA224B2312531A007BE3EE /* Date+Style.swift */,
				64EA22482312531A007BE3EE /* Date+Template.swift */,
				64EA22472312531A007BE3EE /* DateFormat.swift */,
				64EA224F2312531A007BE3EE /* DateFormatter+Shared.swift */,
				64EA22502312531A007BE3EE /* Locale+Extensions.swift */,
				64EA224D2312531A007BE3EE /* String+ToDate.swift */,
				64EA224E2312531A007BE3EE /* TimeZone+Extensions.swift */,
			);
			path = Date;
			sourceTree = "<group>";
		};
		B6E46C7023110481006BC1F5 /* Realm */ = {
			isa = PBXGroup;
			children = (
				64EA2239230FAAE8007BE3EE /* Realm+Shared.swift */,
				64EA2218230FA9F5007BE3EE /* Realm+WriteAsync.swift */,
				64EA2215230FA9F5007BE3EE /* RealmDaoHelper.swift */,
				64EA2217230FA9F5007BE3EE /* RealmInitializer.swift */,
				64EA2214230FA9F5007BE3EE /* RealmInitializerCompatible.swift */,
			);
			path = Realm;
			sourceTree = "<group>";
		};
		B6E46C71231104A8006BC1F5 /* ExceptionHandler */ = {
			isa = PBXGroup;
			children = (
				B6E46C6E231100E2006BC1F5 /* ExceptionCatchable.swift */,
				B6E46C6B231100B3006BC1F5 /* ExceptionHandler.h */,
				B6E46C6C231100B3006BC1F5 /* ExceptionHandler.m */,
			);
			path = ExceptionHandler;
			sourceTree = "<group>";
		};
		B6E46C7223111F16006BC1F5 /* Alert */ = {
			isa = PBXGroup;
			children = (
				B6E46C7323111F28006BC1F5 /* UIAlertController+Extensions.swift */,
				B6E46C7423111F28006BC1F5 /* UIViewController+Current.swift */,
			);
			path = Alert;
			sourceTree = "<group>";
		};
		B6E46C77231138D1006BC1F5 /* Application */ = {
			isa = PBXGroup;
			children = (
				64EA21DF230FA864007BE3EE /* AppDelegate.swift */,
				64EA21EB230FA866007BE3EE /* Info.plist */,
				64EA21E8230FA866007BE3EE /* LaunchScreen.storyboard */,
			);
			path = Application;
			sourceTree = "<group>";
		};
		B6E46C7823113925006BC1F5 /* Resources */ = {
			isa = PBXGroup;
			children = (
				64EA21E6230FA866007BE3EE /* Assets.xcassets */,
			);
			path = Resources;
			sourceTree = "<group>";
		};
		B6E46C7923113984006BC1F5 /* Presenter */ = {
			isa = PBXGroup;
			children = (
				B6E46C7F231139F2006BC1F5 /* TopViewPresenter.swift */,
			);
			path = Presenter;
			sourceTree = "<group>";
		};
		B6E46C7A2311398B006BC1F5 /* Views */ = {
			isa = PBXGroup;
			children = (
				B6E46C7D231139AA006BC1F5 /* TopViewController.storyboard */,
				B6E46C7B231139A1006BC1F5 /* TopViewController.swift */,
			);
			path = Views;
			sourceTree = "<group>";
		};
/* End PBXGroup section */

/* Begin PBXNativeTarget section */
		64EA21DB230FA864007BE3EE /* SharedRealmDemoApp */ = {
			isa = PBXNativeTarget;
			buildConfigurationList = 64EA2204230FA866007BE3EE /* Build configuration list for PBXNativeTarget "SharedRealmDemoApp" */;
			buildPhases = (
				64EA21D8230FA864007BE3EE /* Sources */,
				64EA21D9230FA864007BE3EE /* Frameworks */,
				64EA21DA230FA864007BE3EE /* Resources */,
				64EA2212230FA999007BE3EE /* Carthage */,
			);
			buildRules = (
			);
			dependencies = (
			);
			name = SharedRealmDemoApp;
			productName = SharedRealmDemoApp;
			productReference = 64EA21DC230FA864007BE3EE /* SharedRealmDemoApp.app */;
			productType = "com.apple.product-type.application";
		};
		64EA21EF230FA866007BE3EE /* SharedRealmDemoAppTests */ = {
			isa = PBXNativeTarget;
			buildConfigurationList = 64EA2207230FA866007BE3EE /* Build configuration list for PBXNativeTarget "SharedRealmDemoAppTests" */;
			buildPhases = (
				64EA21EC230FA866007BE3EE /* Sources */,
				64EA21ED230FA866007BE3EE /* Frameworks */,
				64EA21EE230FA866007BE3EE /* Resources */,
			);
			buildRules = (
			);
			dependencies = (
				64EA21F2230FA866007BE3EE /* PBXTargetDependency */,
			);
			name = SharedRealmDemoAppTests;
			productName = SharedRealmDemoAppTests;
			productReference = 64EA21F0230FA866007BE3EE /* SharedRealmDemoAppTests.xctest */;
			productType = "com.apple.product-type.bundle.unit-test";
		};
		64EA21FA230FA866007BE3EE /* SharedRealmDemoAppUITests */ = {
			isa = PBXNativeTarget;
			buildConfigurationList = 64EA220A230FA866007BE3EE /* Build configuration list for PBXNativeTarget "SharedRealmDemoAppUITests" */;
			buildPhases = (
				64EA21F7230FA866007BE3EE /* Sources */,
				64EA21F8230FA866007BE3EE /* Frameworks */,
				64EA21F9230FA866007BE3EE /* Resources */,
			);
			buildRules = (
			);
			dependencies = (
				64EA21FD230FA866007BE3EE /* PBXTargetDependency */,
			);
			name = SharedRealmDemoAppUITests;
			productName = SharedRealmDemoAppUITests;
			productReference = 64EA21FB230FA866007BE3EE /* SharedRealmDemoAppUITests.xctest */;
			productType = "com.apple.product-type.bundle.ui-testing";
		};
/* End PBXNativeTarget section */

/* Begin PBXProject section */
		64EA21D4230FA864007BE3EE /* Project object */ = {
			isa = PBXProject;
			attributes = {
				LastSwiftUpdateCheck = 1020;
				LastUpgradeCheck = 1020;
				ORGANIZATIONNAME = "Yuki Okudera";
				TargetAttributes = {
					64EA21DB230FA864007BE3EE = {
						CreatedOnToolsVersion = 10.2.1;
						LastSwiftMigration = 1020;
					};
					64EA21EF230FA866007BE3EE = {
						CreatedOnToolsVersion = 10.2.1;
						TestTargetID = 64EA21DB230FA864007BE3EE;
					};
					64EA21FA230FA866007BE3EE = {
						CreatedOnToolsVersion = 10.2.1;
						TestTargetID = 64EA21DB230FA864007BE3EE;
					};
				};
			};
			buildConfigurationList = 64EA21D7230FA864007BE3EE /* Build configuration list for PBXProject "SharedRealmDemoApp" */;
			compatibilityVersion = "Xcode 9.3";
			developmentRegion = en;
			hasScannedForEncodings = 0;
			knownRegions = (
				en,
				Base,
			);
			mainGroup = 64EA21D3230FA864007BE3EE;
			productRefGroup = 64EA21DD230FA864007BE3EE /* Products */;
			projectDirPath = "";
			projectRoot = "";
			targets = (
				64EA21DB230FA864007BE3EE /* SharedRealmDemoApp */,
				64EA21EF230FA866007BE3EE /* SharedRealmDemoAppTests */,
				64EA21FA230FA866007BE3EE /* SharedRealmDemoAppUITests */,
			);
		};
/* End PBXProject section */

/* Begin PBXResourcesBuildPhase section */
		64EA21DA230FA864007BE3EE /* Resources */ = {
			isa = PBXResourcesBuildPhase;
			buildActionMask = 2147483647;
			files = (
				64EA21EA230FA866007BE3EE /* LaunchScreen.storyboard in Resources */,
				B6E46C7E231139AA006BC1F5 /* TopViewController.storyboard in Resources */,
				64EA21E7230FA866007BE3EE /* Assets.xcassets in Resources */,
			);
			runOnlyForDeploymentPostprocessing = 0;
		};
		64EA21EE230FA866007BE3EE /* Resources */ = {
			isa = PBXResourcesBuildPhase;
			buildActionMask = 2147483647;
			files = (
			);
			runOnlyForDeploymentPostprocessing = 0;
		};
		64EA21F9230FA866007BE3EE /* Resources */ = {
			isa = PBXResourcesBuildPhase;
			buildActionMask = 2147483647;
			files = (
			);
			runOnlyForDeploymentPostprocessing = 0;
		};
/* End PBXResourcesBuildPhase section */

/* Begin PBXShellScriptBuildPhase section */
		64EA2212230FA999007BE3EE /* Carthage */ = {
			isa = PBXShellScriptBuildPhase;
			buildActionMask = 2147483647;
			files = (
			);
			inputFileListPaths = (
			);
			inputPaths = (
				"$(SRCROOT)/Carthage/Build/iOS/RealmSwift.framework",
				"$(SRCROOT)/Carthage/Build/iOS/Realm.framework",
			);
			name = Carthage;
			outputFileListPaths = (
			);
			outputPaths = (
			);
			runOnlyForDeploymentPostprocessing = 0;
			shellPath = /bin/sh;
			shellScript = "/usr/local/bin/carthage copy-frameworks\n";
		};
/* End PBXShellScriptBuildPhase section */

/* Begin PBXSourcesBuildPhase section */
		64EA21D8230FA864007BE3EE /* Sources */ = {
			isa = PBXSourcesBuildPhase;
			buildActionMask = 2147483647;
			files = (
				64EA221A230FA9F5007BE3EE /* RealmDaoHelper.swift in Sources */,
				B6E46C7623111F28006BC1F5 /* UIViewController+Current.swift in Sources */,
				64EA22542312531A007BE3EE /* Calendar+Extensions.swift in Sources */,
				64EA225C23126695007BE3EE /* UserDao.swift in Sources */,
				64EA22592312531A007BE3EE /* DateFormatter+Shared.swift in Sources */,
				B6E46C6D231100B3006BC1F5 /* ExceptionHandler.m in Sources */,
				B6E46C7C231139A1006BC1F5 /* TopViewController.swift in Sources */,
				64EA22582312531A007BE3EE /* TimeZone+Extensions.swift in Sources */,
				B6E46C6F231100E2006BC1F5 /* ExceptionCatchable.swift in Sources */,
				B6E46C7523111F28006BC1F5 /* UIAlertController+Extensions.swift in Sources */,
				64EA2245231252E6007BE3EE /* UserEntity.swift in Sources */,
				B6E46C80231139F2006BC1F5 /* TopViewPresenter.swift in Sources */,
				64EA22512312531A007BE3EE /* DateFormat.swift in Sources */,
				64EA22562312531A007BE3EE /* Date+Compare.swift in Sources */,
				64EA223F230FC19B007BE3EE /* TaskDao.swift in Sources */,
				64EA223D230FC16A007BE3EE /* FolderDao.swift in Sources */,
				64EA2219230FA9F5007BE3EE /* RealmInitializerCompatible.swift in Sources */,
				64EA2241230FC1B1007BE3EE /* TaskEntity.swift in Sources */,
				64EA22532312531A007BE3EE /* Date+ComponentValue.swift in Sources */,
				64EA221D230FA9F5007BE3EE /* Realm+WriteAsync.swift in Sources */,
				64EA22572312531A007BE3EE /* String+ToDate.swift in Sources */,
				64EA225A2312531A007BE3EE /* Locale+Extensions.swift in Sources */,
				64EA221C230FA9F5007BE3EE /* RealmInitializer.swift in Sources */,
				64EA223A230FAAE8007BE3EE /* Realm+Shared.swift in Sources */,
				64EA2243230FC1D4007BE3EE /* FolderEntity.swift in Sources */,
				64EA21E0230FA864007BE3EE /* AppDelegate.swift in Sources */,
				64EA22522312531A007BE3EE /* Date+Template.swift in Sources */,
				64EA22552312531A007BE3EE /* Date+Style.swift in Sources */,
			);
			runOnlyForDeploymentPostprocessing = 0;
		};
		64EA21EC230FA866007BE3EE /* Sources */ = {
			isa = PBXSourcesBuildPhase;
			buildActionMask = 2147483647;
			files = (
				64EA21F5230FA866007BE3EE /* SharedRealmDemoAppTests.swift in Sources */,
			);
			runOnlyForDeploymentPostprocessing = 0;
		};
		64EA21F7230FA866007BE3EE /* Sources */ = {
			isa = PBXSourcesBuildPhase;
			buildActionMask = 2147483647;
			files = (
				64EA2200230FA866007BE3EE /* SharedRealmDemoAppUITests.swift in Sources */,
			);
			runOnlyForDeploymentPostprocessing = 0;
		};
/* End PBXSourcesBuildPhase section */

/* Begin PBXTargetDependency section */
		64EA21F2230FA866007BE3EE /* PBXTargetDependency */ = {
			isa = PBXTargetDependency;
			target = 64EA21DB230FA864007BE3EE /* SharedRealmDemoApp */;
			targetProxy = 64EA21F1230FA866007BE3EE /* PBXContainerItemProxy */;
		};
		64EA21FD230FA866007BE3EE /* PBXTargetDependency */ = {
			isa = PBXTargetDependency;
			target = 64EA21DB230FA864007BE3EE /* SharedRealmDemoApp */;
			targetProxy = 64EA21FC230FA866007BE3EE /* PBXContainerItemProxy */;
		};
/* End PBXTargetDependency section */

/* Begin PBXVariantGroup section */
		64EA21E8230FA866007BE3EE /* LaunchScreen.storyboard */ = {
			isa = PBXVariantGroup;
			children = (
				64EA21E9230FA866007BE3EE /* Base */,
			);
			name = LaunchScreen.storyboard;
			sourceTree = "<group>";
		};
/* End PBXVariantGroup section */

/* Begin XCBuildConfiguration section */
		64EA2202230FA866007BE3EE /* Debug */ = {
			isa = XCBuildConfiguration;
			buildSettings = {
				ALWAYS_SEARCH_USER_PATHS = NO;
				CLANG_ANALYZER_NONNULL = YES;
				CLANG_ANALYZER_NUMBER_OBJECT_CONVERSION = YES_AGGRESSIVE;
				CLANG_CXX_LANGUAGE_STANDARD = "gnu++14";
				CLANG_CXX_LIBRARY = "libc++";
				CLANG_ENABLE_MODULES = YES;
				CLANG_ENABLE_OBJC_ARC = YES;
				CLANG_ENABLE_OBJC_WEAK = YES;
				CLANG_WARN_BLOCK_CAPTURE_AUTORELEASING = YES;
				CLANG_WARN_BOOL_CONVERSION = YES;
				CLANG_WARN_COMMA = YES;
				CLANG_WARN_CONSTANT_CONVERSION = YES;
				CLANG_WARN_DEPRECATED_OBJC_IMPLEMENTATIONS = YES;
				CLANG_WARN_DIRECT_OBJC_ISA_USAGE = YES_ERROR;
				CLANG_WARN_DOCUMENTATION_COMMENTS = YES;
				CLANG_WARN_EMPTY_BODY = YES;
				CLANG_WARN_ENUM_CONVERSION = YES;
				CLANG_WARN_INFINITE_RECURSION = YES;
				CLANG_WARN_INT_CONVERSION = YES;
				CLANG_WARN_NON_LITERAL_NULL_CONVERSION = YES;
				CLANG_WARN_OBJC_IMPLICIT_RETAIN_SELF = YES;
				CLANG_WARN_OBJC_LITERAL_CONVERSION = YES;
				CLANG_WARN_OBJC_ROOT_CLASS = YES_ERROR;
				CLANG_WARN_RANGE_LOOP_ANALYSIS = YES;
				CLANG_WARN_STRICT_PROTOTYPES = YES;
				CLANG_WARN_SUSPICIOUS_MOVE = YES;
				CLANG_WARN_UNGUARDED_AVAILABILITY = YES_AGGRESSIVE;
				CLANG_WARN_UNREACHABLE_CODE = YES;
				CLANG_WARN__DUPLICATE_METHOD_MATCH = YES;
				CODE_SIGN_IDENTITY = "iPhone Developer";
				COPY_PHASE_STRIP = NO;
				DEBUG_INFORMATION_FORMAT = dwarf;
				ENABLE_STRICT_OBJC_MSGSEND = YES;
				ENABLE_TESTABILITY = YES;
				GCC_C_LANGUAGE_STANDARD = gnu11;
				GCC_DYNAMIC_NO_PIC = NO;
				GCC_NO_COMMON_BLOCKS = YES;
				GCC_OPTIMIZATION_LEVEL = 0;
				GCC_PREPROCESSOR_DEFINITIONS = (
					"DEBUG=1",
					"$(inherited)",
				);
				GCC_WARN_64_TO_32_BIT_CONVERSION = YES;
				GCC_WARN_ABOUT_RETURN_TYPE = YES_ERROR;
				GCC_WARN_UNDECLARED_SELECTOR = YES;
				GCC_WARN_UNINITIALIZED_AUTOS = YES_AGGRESSIVE;
				GCC_WARN_UNUSED_FUNCTION = YES;
				GCC_WARN_UNUSED_VARIABLE = YES;
				IPHONEOS_DEPLOYMENT_TARGET = 12.2;
				MTL_ENABLE_DEBUG_INFO = INCLUDE_SOURCE;
				MTL_FAST_MATH = YES;
				ONLY_ACTIVE_ARCH = YES;
				SDKROOT = iphoneos;
				SWIFT_ACTIVE_COMPILATION_CONDITIONS = DEBUG;
				SWIFT_OPTIMIZATION_LEVEL = "-Onone";
			};
			name = Debug;
		};
		64EA2203230FA866007BE3EE /* Release */ = {
			isa = XCBuildConfiguration;
			buildSettings = {
				ALWAYS_SEARCH_USER_PATHS = NO;
				CLANG_ANALYZER_NONNULL = YES;
				CLANG_ANALYZER_NUMBER_OBJECT_CONVERSION = YES_AGGRESSIVE;
				CLANG_CXX_LANGUAGE_STANDARD = "gnu++14";
				CLANG_CXX_LIBRARY = "libc++";
				CLANG_ENABLE_MODULES = YES;
				CLANG_ENABLE_OBJC_ARC = YES;
				CLANG_ENABLE_OBJC_WEAK = YES;
				CLANG_WARN_BLOCK_CAPTURE_AUTORELEASING = YES;
				CLANG_WARN_BOOL_CONVERSION = YES;
				CLANG_WARN_COMMA = YES;
				CLANG_WARN_CONSTANT_CONVERSION = YES;
				CLANG_WARN_DEPRECATED_OBJC_IMPLEMENTATIONS = YES;
				CLANG_WARN_DIRECT_OBJC_ISA_USAGE = YES_ERROR;
				CLANG_WARN_DOCUMENTATION_COMMENTS = YES;
				CLANG_WARN_EMPTY_BODY = YES;
				CLANG_WARN_ENUM_CONVERSION = YES;
				CLANG_WARN_INFINITE_RECURSION = YES;
				CLANG_WARN_INT_CONVERSION = YES;
				CLANG_WARN_NON_LITERAL_NULL_CONVERSION = YES;
				CLANG_WARN_OBJC_IMPLICIT_RETAIN_SELF = YES;
				CLANG_WARN_OBJC_LITERAL_CONVERSION = YES;
				CLANG_WARN_OBJC_ROOT_CLASS = YES_ERROR;
				CLANG_WARN_RANGE_LOOP_ANALYSIS = YES;
				CLANG_WARN_STRICT_PROTOTYPES = YES;
				CLANG_WARN_SUSPICIOUS_MOVE = YES;
				CLANG_WARN_UNGUARDED_AVAILABILITY = YES_AGGRESSIVE;
				CLANG_WARN_UNREACHABLE_CODE = YES;
				CLANG_WARN__DUPLICATE_METHOD_MATCH = YES;
				CODE_SIGN_IDENTITY = "iPhone Developer";
				COPY_PHASE_STRIP = NO;
				DEBUG_INFORMATION_FORMAT = "dwarf-with-dsym";
				ENABLE_NS_ASSERTIONS = NO;
				ENABLE_STRICT_OBJC_MSGSEND = YES;
				GCC_C_LANGUAGE_STANDARD = gnu11;
				GCC_NO_COMMON_BLOCKS = YES;
				GCC_WARN_64_TO_32_BIT_CONVERSION = YES;
				GCC_WARN_ABOUT_RETURN_TYPE = YES_ERROR;
				GCC_WARN_UNDECLARED_SELECTOR = YES;
				GCC_WARN_UNINITIALIZED_AUTOS = YES_AGGRESSIVE;
				GCC_WARN_UNUSED_FUNCTION = YES;
				GCC_WARN_UNUSED_VARIABLE = YES;
				IPHONEOS_DEPLOYMENT_TARGET = 12.2;
				MTL_ENABLE_DEBUG_INFO = NO;
				MTL_FAST_MATH = YES;
				SDKROOT = iphoneos;
				SWIFT_COMPILATION_MODE = wholemodule;
				SWIFT_OPTIMIZATION_LEVEL = "-O";
				VALIDATE_PRODUCT = YES;
			};
			name = Release;
		};
		64EA2205230FA866007BE3EE /* Debug */ = {
			isa = XCBuildConfiguration;
			buildSettings = {
				ASSETCATALOG_COMPILER_APPICON_NAME = AppIcon;
				CLANG_ENABLE_MODULES = YES;
				CODE_SIGN_STYLE = Automatic;
				DEVELOPMENT_TEAM = B8PR34D6DP;
				FRAMEWORK_SEARCH_PATHS = (
					"$(inherited)",
					"$(PROJECT_DIR)/Carthage/Build/iOS",
				);
				INFOPLIST_FILE = "$(SRCROOT)/SharedRealmDemoApp/Application/Info.plist";
				IPHONEOS_DEPLOYMENT_TARGET = 11.0;
				LD_RUNPATH_SEARCH_PATHS = (
					"$(inherited)",
					"@executable_path/Frameworks",
				);
				PRODUCT_BUNDLE_IDENTIFIER = jp.yuoku.SharedRealmDemoApp;
				PRODUCT_NAME = "$(TARGET_NAME)";
				SWIFT_OBJC_BRIDGING_HEADER = "SharedRealmDemoApp/Utilities/SharedRealmDemoApp-Bridging-Header.h";
				SWIFT_OPTIMIZATION_LEVEL = "-Onone";
				SWIFT_VERSION = 5.0;
				TARGETED_DEVICE_FAMILY = "1,2";
			};
			name = Debug;
		};
		64EA2206230FA866007BE3EE /* Release */ = {
			isa = XCBuildConfiguration;
			buildSettings = {
				ASSETCATALOG_COMPILER_APPICON_NAME = AppIcon;
				CLANG_ENABLE_MODULES = YES;
				CODE_SIGN_STYLE = Automatic;
				DEVELOPMENT_TEAM = B8PR34D6DP;
				FRAMEWORK_SEARCH_PATHS = (
					"$(inherited)",
					"$(PROJECT_DIR)/Carthage/Build/iOS",
				);
				INFOPLIST_FILE = "$(SRCROOT)/SharedRealmDemoApp/Application/Info.plist";
				IPHONEOS_DEPLOYMENT_TARGET = 11.0;
				LD_RUNPATH_SEARCH_PATHS = (
					"$(inherited)",
					"@executable_path/Frameworks",
				);
				PRODUCT_BUNDLE_IDENTIFIER = jp.yuoku.SharedRealmDemoApp;
				PRODUCT_NAME = "$(TARGET_NAME)";
				SWIFT_OBJC_BRIDGING_HEADER = "SharedRealmDemoApp/Utilities/SharedRealmDemoApp-Bridging-Header.h";
				SWIFT_VERSION = 5.0;
				TARGETED_DEVICE_FAMILY = "1,2";
			};
			name = Release;
		};
		64EA2208230FA866007BE3EE /* Debug */ = {
			isa = XCBuildConfiguration;
			buildSettings = {
				ALWAYS_EMBED_SWIFT_STANDARD_LIBRARIES = YES;
				BUNDLE_LOADER = "$(TEST_HOST)";
				CODE_SIGN_STYLE = Automatic;
				DEVELOPMENT_TEAM = B8PR34D6DP;
				INFOPLIST_FILE = SharedRealmDemoAppTests/Info.plist;
				LD_RUNPATH_SEARCH_PATHS = (
					"$(inherited)",
					"@executable_path/Frameworks",
					"@loader_path/Frameworks",
				);
				PRODUCT_BUNDLE_IDENTIFIER = jp.yuoku.SharedRealmDemoAppTests;
				PRODUCT_NAME = "$(TARGET_NAME)";
				SWIFT_VERSION = 5.0;
				TARGETED_DEVICE_FAMILY = "1,2";
				TEST_HOST = "$(BUILT_PRODUCTS_DIR)/SharedRealmDemoApp.app/SharedRealmDemoApp";
			};
			name = Debug;
		};
		64EA2209230FA866007BE3EE /* Release */ = {
			isa = XCBuildConfiguration;
			buildSettings = {
				ALWAYS_EMBED_SWIFT_STANDARD_LIBRARIES = YES;
				BUNDLE_LOADER = "$(TEST_HOST)";
				CODE_SIGN_STYLE = Automatic;
				DEVELOPMENT_TEAM = B8PR34D6DP;
				INFOPLIST_FILE = SharedRealmDemoAppTests/Info.plist;
				LD_RUNPATH_SEARCH_PATHS = (
					"$(inherited)",
					"@executable_path/Frameworks",
					"@loader_path/Frameworks",
				);
				PRODUCT_BUNDLE_IDENTIFIER = jp.yuoku.SharedRealmDemoAppTests;
				PRODUCT_NAME = "$(TARGET_NAME)";
				SWIFT_VERSION = 5.0;
				TARGETED_DEVICE_FAMILY = "1,2";
				TEST_HOST = "$(BUILT_PRODUCTS_DIR)/SharedRealmDemoApp.app/SharedRealmDemoApp";
			};
			name = Release;
		};
		64EA220B230FA866007BE3EE /* Debug */ = {
			isa = XCBuildConfiguration;
			buildSettings = {
				ALWAYS_EMBED_SWIFT_STANDARD_LIBRARIES = YES;
				CODE_SIGN_STYLE = Automatic;
				DEVELOPMENT_TEAM = B8PR34D6DP;
				INFOPLIST_FILE = SharedRealmDemoAppUITests/Info.plist;
				LD_RUNPATH_SEARCH_PATHS = (
					"$(inherited)",
					"@executable_path/Frameworks",
					"@loader_path/Frameworks",
				);
				PRODUCT_BUNDLE_IDENTIFIER = jp.yuoku.SharedRealmDemoAppUITests;
				PRODUCT_NAME = "$(TARGET_NAME)";
				SWIFT_VERSION = 5.0;
				TARGETED_DEVICE_FAMILY = "1,2";
				TEST_TARGET_NAME = SharedRealmDemoApp;
			};
			name = Debug;
		};
		64EA220C230FA866007BE3EE /* Release */ = {
			isa = XCBuildConfiguration;
			buildSettings = {
				ALWAYS_EMBED_SWIFT_STANDARD_LIBRARIES = YES;
				CODE_SIGN_STYLE = Automatic;
				DEVELOPMENT_TEAM = B8PR34D6DP;
				INFOPLIST_FILE = SharedRealmDemoAppUITests/Info.plist;
				LD_RUNPATH_SEARCH_PATHS = (
					"$(inherited)",
					"@executable_path/Frameworks",
					"@loader_path/Frameworks",
				);
				PRODUCT_BUNDLE_IDENTIFIER = jp.yuoku.SharedRealmDemoAppUITests;
				PRODUCT_NAME = "$(TARGET_NAME)";
				SWIFT_VERSION = 5.0;
				TARGETED_DEVICE_FAMILY = "1,2";
				TEST_TARGET_NAME = SharedRealmDemoApp;
			};
			name = Release;
		};
/* End XCBuildConfiguration section */

/* Begin XCConfigurationList section */
		64EA21D7230FA864007BE3EE /* Build configuration list for PBXProject "SharedRealmDemoApp" */ = {
			isa = XCConfigurationList;
			buildConfigurations = (
				64EA2202230FA866007BE3EE /* Debug */,
				64EA2203230FA866007BE3EE /* Release */,
			);
			defaultConfigurationIsVisible = 0;
			defaultConfigurationName = Release;
		};
		64EA2204230FA866007BE3EE /* Build configuration list for PBXNativeTarget "SharedRealmDemoApp" */ = {
			isa = XCConfigurationList;
			buildConfigurations = (
				64EA2205230FA866007BE3EE /* Debug */,
				64EA2206230FA866007BE3EE /* Release */,
			);
			defaultConfigurationIsVisible = 0;
			defaultConfigurationName = Release;
		};
		64EA2207230FA866007BE3EE /* Build configuration list for PBXNativeTarget "SharedRealmDemoAppTests" */ = {
			isa = XCConfigurationList;
			buildConfigurations = (
				64EA2208230FA866007BE3EE /* Debug */,
				64EA2209230FA866007BE3EE /* Release */,
			);
			defaultConfigurationIsVisible = 0;
			defaultConfigurationName = Release;
		};
		64EA220A230FA866007BE3EE /* Build configuration list for PBXNativeTarget "SharedRealmDemoAppUITests" */ = {
			isa = XCConfigurationList;
			buildConfigurations = (
				64EA220B230FA866007BE3EE /* Debug */,
				64EA220C230FA866007BE3EE /* Release */,
			);
			defaultConfigurationIsVisible = 0;
			defaultConfigurationName = Release;
		};
/* End XCConfigurationList section */
	};
	rootObject = 64EA21D4230FA864007BE3EE /* Project object */;
}
